
Microsoft Visual Studio Solution File, Format Version 12.00
# Visual Studio Version 17
VisualStudioVersion = 17.11.35312.102
MinimumVisualStudioVersion = 10.0.40219.1
Project("{9A19103F-16F7-4668-BE54-9A1E7A4F7556}") = "ex01", "ex01\ex01.csproj", "{1B27055E-9358-41F8-8A06-84BA3B877B42}"
EndProject
Project("{9A19103F-16F7-4668-BE54-9A1E7A4F7556}") = "ex02", "ex02\ex02.csproj", "{EC0F3CF0-EA4A-495D-9EDC-418D7BE16C19}"
EndProject
Project("{9A19103F-16F7-4668-BE54-9A1E7A4F7556}") = "ex03", "ex03\ex03.csproj", "{444325F5-4BB0-4D25-BCC6-F29DCAEEA4F9}"
EndProject
Project("{9A19103F-16F7-4668-BE54-9A1E7A4F7556}") = "ex07", "ex07\ex07.csproj", "{562F86BC-BE26-4121-A37D-4933B325CA43}"
EndProject
Project("{9A19103F-16F7-4668-BE54-9A1E7A4F7556}") = "ex09", "ex09\ex09.csproj", "{B5DA8269-D5EB-4D3B-B4E1-23F0651CAEDE}"
EndProject
Project("{9A19103F-16F7-4668-BE54-9A1E7A4F7556}") = "ex09b", "ex09b\ex09b.csproj", "{DD60E4F2-66BC-4BE4-AA42-902E92B76F10}"
EndProject
Project("{9A19103F-16F7-4668-BE54-9A1E7A4F7556}") = "ex10", "ex10\ex10.csproj", "{91A1982C-5F91-486E-B63D-E9749AE2860D}"
EndProject
Project("{9A19103F-16F7-4668-BE54-9A1E7A4F7556}") = "ex12", "ex12\ex12.csproj", "{297020C1-2643-4B84-B7D0-09580B0B4E93}"
EndProject
Project("{9A19103F-16F7-4668-BE54-9A1E7A4F7556}") = "ex13", "ex13\ex13.csproj", "{A68F826C-6B18-47A8-98AD-984A47FBF84A}"
EndProject
Project("{9A19103F-16F7-4668-BE54-9A1E7A4F7556}") = "ex14", "ex14\ex14.csproj", "{535FE17D-6441-4E7C-B6FF-78F260E5E589}"
EndProject
Project("{9A19103F-16F7-4668-BE54-9A1E7A4F7556}") = "ex15", "ex15\ex15.csproj", "{281AE2C4-E091-47CC-B10C-B1A7C0EAEBCB}"
EndProject
Project("{9A19103F-16F7-4668-BE54-9A1E7A4F7556}") = "ex15b", "ex15b\ex15b.csproj", "{240DDC27-DDBD-49C1-8C2E-D4C22C9B1A49}"
EndProject
Project("{FAE04EC0-301F-11D3-BF4B-00C04F79EFBC}") = "ex16", "ex16\ex16.csproj", "{10DEF207-97A6-4DEB-BE31-C2CB56A869A7}"
EndProject
Global
	GlobalSection(SolutionConfigurationPlatforms) = preSolution
		Debug|Any CPU = Debug|Any CPU
		Release|Any CPU = Release|Any CPU
	EndGlobalSection
	GlobalSection(ProjectConfigurationPlatforms) = postSolution
		{1B27055E-9358-41F8-8A06-84BA3B877B42}.Debug|Any CPU.ActiveCfg = Debug|Any CPU
		{1B27055E-9358-41F8-8A06-84BA3B877B42}.Debug|Any CPU.Build.0 = Debug|Any CPU
		{1B27055E-9358-41F8-8A06-84BA3B877B42}.Release|Any CPU.ActiveCfg = Release|Any CPU
		{1B27055E-9358-41F8-8A06-84BA3B877B42}.Release|Any CPU.Build.0 = Release|Any CPU
		{EC0F3CF0-EA4A-495D-9EDC-418D7BE16C19}.Debug|Any CPU.ActiveCfg = Debug|Any CPU
		{EC0F3CF0-EA4A-495D-9EDC-418D7BE16C19}.Debug|Any CPU.Build.0 = Debug|Any CPU
		{EC0F3CF0-EA4A-495D-9EDC-418D7BE16C19}.Release|Any CPU.ActiveCfg = Release|Any CPU
		{EC0F3CF0-EA4A-495D-9EDC-418D7BE16C19}.Release|Any CPU.Build.0 = Release|Any CPU
		{444325F5-4BB0-4D25-BCC6-F29DCAEEA4F9}.Debug|Any CPU.ActiveCfg = Debug|Any CPU
		{444325F5-4BB0-4D25-BCC6-F29DCAEEA4F9}.Debug|Any CPU.Build.0 = Debug|Any CPU
		{444325F5-4BB0-4D25-BCC6-F29DCAEEA4F9}.Release|Any CPU.ActiveCfg = Release|Any CPU
		{444325F5-4BB0-4D25-BCC6-F29DCAEEA4F9}.Release|Any CPU.Build.0 = Release|Any CPU
		{562F86BC-BE26-4121-A37D-4933B325CA43}.Debug|Any CPU.ActiveCfg = Debug|Any CPU
		{562F86BC-BE26-4121-A37D-4933B325CA43}.Debug|Any CPU.Build.0 = Debug|Any CPU
		{562F86BC-BE26-4121-A37D-4933B325CA43}.Release|Any CPU.ActiveCfg = Release|Any CPU
		{562F86BC-BE26-4121-A37D-4933B325CA43}.Release|Any CPU.Build.0 = Release|Any CPU
		{B5DA8269-D5EB-4D3B-B4E1-23F0651CAEDE}.Debug|Any CPU.ActiveCfg = Debug|Any CPU
		{B5DA8269-D5EB-4D3B-B4E1-23F0651CAEDE}.Debug|Any CPU.Build.0 = Debug|Any CPU
		{B5DA8269-D5EB-4D3B-B4E1-23F0651CAEDE}.Release|Any CPU.ActiveCfg = Release|Any CPU
		{B5DA8269-D5EB-4D3B-B4E1-23F0651CAEDE}.Release|Any CPU.Build.0 = Release|Any CPU
		{DD60E4F2-66BC-4BE4-AA42-902E92B76F10}.Debug|Any CPU.ActiveCfg = Debug|Any CPU
		{DD60E4F2-66BC-4BE4-AA42-902E92B76F10}.Debug|Any CPU.Build.0 = Debug|Any CPU
		{DD60E4F2-66BC-4BE4-AA42-902E92B76F10}.Release|Any CPU.ActiveCfg = Release|Any CPU
		{DD60E4F2-66BC-4BE4-AA42-902E92B76F10}.Release|Any CPU.Build.0 = Release|Any CPU
		{91A1982C-5F91-486E-B63D-E9749AE2860D}.Debug|Any CPU.ActiveCfg = Debug|Any CPU
		{91A1982C-5F91-486E-B63D-E9749AE2860D}.Debug|Any CPU.Build.0 = Debug|Any CPU
		{91A1982C-5F91-486E-B63D-E9749AE2860D}.Release|Any CPU.ActiveCfg = Release|Any CPU
		{91A1982C-5F91-486E-B63D-E9749AE2860D}.Release|Any CPU.Build.0 = Release|Any CPU
		{297020C1-2643-4B84-B7D0-09580B0B4E93}.Debug|Any CPU.ActiveCfg = Debug|Any CPU
		{297020C1-2643-4B84-B7D0-09580B0B4E93}.Debug|Any CPU.Build.0 = Debug|Any CPU
		{297020C1-2643-4B84-B7D0-09580B0B4E93}.Release|Any CPU.ActiveCfg = Release|Any CPU
		{297020C1-2643-4B84-B7D0-09580B0B4E93}.Release|Any CPU.Build.0 = Release|Any CPU
		{A68F826C-6B18-47A8-98AD-984A47FBF84A}.Debug|Any CPU.ActiveCfg = Debug|Any CPU
		{A68F826C-6B18-47A8-98AD-984A47FBF84A}.Debug|Any CPU.Build.0 = Debug|Any CPU
		{A68F826C-6B18-47A8-98AD-984A47FBF84A}.Release|Any CPU.ActiveCfg = Release|Any CPU
		{A68F826C-6B18-47A8-98AD-984A47FBF84A}.Release|Any CPU.Build.0 = Release|Any CPU
		{535FE17D-6441-4E7C-B6FF-78F260E5E589}.Debug|Any CPU.ActiveCfg = Debug|Any CPU
		{535FE17D-6441-4E7C-B6FF-78F260E5E589}.Debug|Any CPU.Build.0 = Debug|Any CPU
		{535FE17D-6441-4E7C-B6FF-78F260E5E589}.Release|Any CPU.ActiveCfg = Release|Any CPU
		{535FE17D-6441-4E7C-B6FF-78F260E5E589}.Release|Any CPU.Build.0 = Release|Any CPU
		{281AE2C4-E091-47CC-B10C-B1A7C0EAEBCB}.Debug|Any CPU.ActiveCfg = Debug|Any CPU
		{281AE2C4-E091-47CC-B10C-B1A7C0EAEBCB}.Debug|Any CPU.Build.0 = Debug|Any CPU
		{281AE2C4-E091-47CC-B10C-B1A7C0EAEBCB}.Release|Any CPU.ActiveCfg = Release|Any CPU
		{281AE2C4-E091-47CC-B10C-B1A7C0EAEBCB}.Release|Any CPU.Build.0 = Release|Any CPU
		{240DDC27-DDBD-49C1-8C2E-D4C22C9B1A49}.Debug|Any CPU.ActiveCfg = Debug|Any CPU
		{240DDC27-DDBD-49C1-8C2E-D4C22C9B1A49}.Debug|Any CPU.Build.0 = Debug|Any CPU
		{240DDC27-DDBD-49C1-8C2E-D4C22C9B1A49}.Release|Any CPU.ActiveCfg = Release|Any CPU
		{240DDC27-DDBD-49C1-8C2E-D4C22C9B1A49}.Release|Any CPU.Build.0 = Release|Any CPU
		{10DEF207-97A6-4DEB-BE31-C2CB56A869A7}.Debug|Any CPU.ActiveCfg = Debug|Any CPU
		{10DEF207-97A6-4DEB-BE31-C2CB56A869A7}.Debug|Any CPU.Build.0 = Debug|Any CPU
		{10DEF207-97A6-4DEB-BE31-C2CB56A869A7}.Release|Any CPU.ActiveCfg = Release|Any CPU
		{10DEF207-97A6-4DEB-BE31-C2CB56A869A7}.Release|Any CPU.Build.0 = Release|Any CPU
	EndGlobalSection
	GlobalSection(SolutionProperties) = preSolution
		HideSolutionNode = FALSE
	EndGlobalSection
	GlobalSection(ExtensibilityGlobals) = postSolution
		SolutionGuid = {4746461F-A7C7-458B-A4AE-5CE5265AAB30}
	EndGlobalSection
EndGlobal
