
Microsoft Visual Studio Solution File, Format Version 12.00
# Visual Studio Version 17
VisualStudioVersion = 17.11.35431.28
MinimumVisualStudioVersion = 10.0.40219.1
Project("{9A19103F-16F7-4668-BE54-9A1E7A4F7556}") = "ex01", "ex01\ex01.csproj", "{341DDB71-FEA1-4E54-9C25-9F8C8BFCA8BD}"
EndProject
Project("{FAE04EC0-301F-11D3-BF4B-00C04F79EFBC}") = "ex16", "ex16\ex16.csproj", "{6E977C6D-2C0A-482A-81CF-5D5C7B007D67}"
EndProject
Project("{FAE04EC0-301F-11D3-BF4B-00C04F79EFBC}") = "ex16b", "ex16b\ex16b.csproj", "{E4EFC91F-8087-4F6C-8E9C-D341D8D57C08}"
EndProject
Global
	GlobalSection(SolutionConfigurationPlatforms) = preSolution
		Debug|Any CPU = Debug|Any CPU
		Release|Any CPU = Release|Any CPU
	EndGlobalSection
	GlobalSection(ProjectConfigurationPlatforms) = postSolution
		{341DDB71-FEA1-4E54-9C25-9F8C8BFCA8BD}.Debug|Any CPU.ActiveCfg = Debug|Any CPU
		{341DDB71-FEA1-4E54-9C25-9F8C8BFCA8BD}.Debug|Any CPU.Build.0 = Debug|Any CPU
		{341DDB71-FEA1-4E54-9C25-9F8C8BFCA8BD}.Release|Any CPU.ActiveCfg = Release|Any CPU
		{341DDB71-FEA1-4E54-9C25-9F8C8BFCA8BD}.Release|Any CPU.Build.0 = Release|Any CPU
		{6E977C6D-2C0A-482A-81CF-5D5C7B007D67}.Debug|Any CPU.ActiveCfg = Debug|Any CPU
		{6E977C6D-2C0A-482A-81CF-5D5C7B007D67}.Debug|Any CPU.Build.0 = Debug|Any CPU
		{6E977C6D-2C0A-482A-81CF-5D5C7B007D67}.Release|Any CPU.ActiveCfg = Release|Any CPU
		{6E977C6D-2C0A-482A-81CF-5D5C7B007D67}.Release|Any CPU.Build.0 = Release|Any CPU
		{E4EFC91F-8087-4F6C-8E9C-D341D8D57C08}.Debug|Any CPU.ActiveCfg = Debug|Any CPU
		{E4EFC91F-8087-4F6C-8E9C-D341D8D57C08}.Debug|Any CPU.Build.0 = Debug|Any CPU
		{E4EFC91F-8087-4F6C-8E9C-D341D8D57C08}.Release|Any CPU.ActiveCfg = Release|Any CPU
		{E4EFC91F-8087-4F6C-8E9C-D341D8D57C08}.Release|Any CPU.Build.0 = Release|Any CPU
	EndGlobalSection
	GlobalSection(SolutionProperties) = preSolution
		HideSolutionNode = FALSE
	EndGlobalSection
	GlobalSection(ExtensibilityGlobals) = postSolution
		SolutionGuid = {C8017D72-F34D-42BD-A5E4-C8C8BEB60ABB}
	EndGlobalSection
EndGlobal
