
Microsoft Visual Studio Solution File, Format Version 12.00
# Visual Studio Version 17
VisualStudioVersion = 17.11.35312.102
MinimumVisualStudioVersion = 10.0.40219.1
Project("{9A19103F-16F7-4668-BE54-9A1E7A4F7556}") = "ex01", "ex01\ex01.csproj", "{E90CA6A2-FD95-416A-AB98-67820F3BC0B9}"
EndProject
Project("{9A19103F-16F7-4668-BE54-9A1E7A4F7556}") = "ex02", "ex02\ex02.csproj", "{31AAD4C4-0975-47E8-8787-0D15D76089E3}"
EndProject
Project("{9A19103F-16F7-4668-BE54-9A1E7A4F7556}") = "ex05", "ex05\ex05.csproj", "{2503DDE9-94ED-4100-ADDC-A9A6FB9A37FB}"
EndProject
Project("{9A19103F-16F7-4668-BE54-9A1E7A4F7556}") = "ex06", "ex06\ex06.csproj", "{7027C080-B86E-4302-9C1B-A2D2A6DE6D1F}"
EndProject
Project("{9A19103F-16F7-4668-BE54-9A1E7A4F7556}") = "ex07", "ex07\ex07.csproj", "{5BCA5CD2-381D-44CF-B45B-5A0A77CEB3A7}"
EndProject
Project("{9A19103F-16F7-4668-BE54-9A1E7A4F7556}") = "ex08", "ex08\ex08.csproj", "{91F2B386-2584-44EA-97CE-D1DE5921FDC8}"
EndProject
Project("{9A19103F-16F7-4668-BE54-9A1E7A4F7556}") = "ex11", "ex11\ex11.csproj", "{825278DE-E8C3-4679-969F-B73EC4C22B29}"
EndProject
Project("{9A19103F-16F7-4668-BE54-9A1E7A4F7556}") = "ex13", "ex13\ex13.csproj", "{DB7DD4C5-12FA-4B51-B3BA-51586376989B}"
EndProject
Project("{9A19103F-16F7-4668-BE54-9A1E7A4F7556}") = "ex14", "ex14\ex14.csproj", "{C937CC2A-27B1-48A0-8F73-3E6E2BB1AAF5}"
EndProject
Project("{9A19103F-16F7-4668-BE54-9A1E7A4F7556}") = "ex15", "ex15\ex15.csproj", "{F70C3E38-8511-475A-811F-9083BE2A31F2}"
EndProject
Project("{9A19103F-16F7-4668-BE54-9A1E7A4F7556}") = "ex17", "ex17\ex17.csproj", "{40FC0439-C79A-4B94-9DF7-29B3B7364F40}"
EndProject
Project("{FAE04EC0-301F-11D3-BF4B-00C04F79EFBC}") = "ex03", "ex03\ex03.csproj", "{541BFDCF-7324-467F-AEA9-72D96C0F4CA0}"
EndProject
Project("{FAE04EC0-301F-11D3-BF4B-00C04F79EFBC}") = "ex04", "ex04\ex04.csproj", "{D16385D2-22C7-4AA7-8CF4-D77B545F79F4}"
EndProject
Global
	GlobalSection(SolutionConfigurationPlatforms) = preSolution
		Debug|Any CPU = Debug|Any CPU
		Release|Any CPU = Release|Any CPU
	EndGlobalSection
	GlobalSection(ProjectConfigurationPlatforms) = postSolution
		{E90CA6A2-FD95-416A-AB98-67820F3BC0B9}.Debug|Any CPU.ActiveCfg = Debug|Any CPU
		{E90CA6A2-FD95-416A-AB98-67820F3BC0B9}.Debug|Any CPU.Build.0 = Debug|Any CPU
		{E90CA6A2-FD95-416A-AB98-67820F3BC0B9}.Release|Any CPU.ActiveCfg = Release|Any CPU
		{E90CA6A2-FD95-416A-AB98-67820F3BC0B9}.Release|Any CPU.Build.0 = Release|Any CPU
		{31AAD4C4-0975-47E8-8787-0D15D76089E3}.Debug|Any CPU.ActiveCfg = Debug|Any CPU
		{31AAD4C4-0975-47E8-8787-0D15D76089E3}.Debug|Any CPU.Build.0 = Debug|Any CPU
		{31AAD4C4-0975-47E8-8787-0D15D76089E3}.Release|Any CPU.ActiveCfg = Release|Any CPU
		{31AAD4C4-0975-47E8-8787-0D15D76089E3}.Release|Any CPU.Build.0 = Release|Any CPU
		{2503DDE9-94ED-4100-ADDC-A9A6FB9A37FB}.Debug|Any CPU.ActiveCfg = Debug|Any CPU
		{2503DDE9-94ED-4100-ADDC-A9A6FB9A37FB}.Debug|Any CPU.Build.0 = Debug|Any CPU
		{2503DDE9-94ED-4100-ADDC-A9A6FB9A37FB}.Release|Any CPU.ActiveCfg = Release|Any CPU
		{2503DDE9-94ED-4100-ADDC-A9A6FB9A37FB}.Release|Any CPU.Build.0 = Release|Any CPU
		{7027C080-B86E-4302-9C1B-A2D2A6DE6D1F}.Debug|Any CPU.ActiveCfg = Debug|Any CPU
		{7027C080-B86E-4302-9C1B-A2D2A6DE6D1F}.Debug|Any CPU.Build.0 = Debug|Any CPU
		{7027C080-B86E-4302-9C1B-A2D2A6DE6D1F}.Release|Any CPU.ActiveCfg = Release|Any CPU
		{7027C080-B86E-4302-9C1B-A2D2A6DE6D1F}.Release|Any CPU.Build.0 = Release|Any CPU
		{5BCA5CD2-381D-44CF-B45B-5A0A77CEB3A7}.Debug|Any CPU.ActiveCfg = Debug|Any CPU
		{5BCA5CD2-381D-44CF-B45B-5A0A77CEB3A7}.Debug|Any CPU.Build.0 = Debug|Any CPU
		{5BCA5CD2-381D-44CF-B45B-5A0A77CEB3A7}.Release|Any CPU.ActiveCfg = Release|Any CPU
		{5BCA5CD2-381D-44CF-B45B-5A0A77CEB3A7}.Release|Any CPU.Build.0 = Release|Any CPU
		{91F2B386-2584-44EA-97CE-D1DE5921FDC8}.Debug|Any CPU.ActiveCfg = Debug|Any CPU
		{91F2B386-2584-44EA-97CE-D1DE5921FDC8}.Debug|Any CPU.Build.0 = Debug|Any CPU
		{91F2B386-2584-44EA-97CE-D1DE5921FDC8}.Release|Any CPU.ActiveCfg = Release|Any CPU
		{91F2B386-2584-44EA-97CE-D1DE5921FDC8}.Release|Any CPU.Build.0 = Release|Any CPU
		{825278DE-E8C3-4679-969F-B73EC4C22B29}.Debug|Any CPU.ActiveCfg = Debug|Any CPU
		{825278DE-E8C3-4679-969F-B73EC4C22B29}.Debug|Any CPU.Build.0 = Debug|Any CPU
		{825278DE-E8C3-4679-969F-B73EC4C22B29}.Release|Any CPU.ActiveCfg = Release|Any CPU
		{825278DE-E8C3-4679-969F-B73EC4C22B29}.Release|Any CPU.Build.0 = Release|Any CPU
		{DB7DD4C5-12FA-4B51-B3BA-51586376989B}.Debug|Any CPU.ActiveCfg = Debug|Any CPU
		{DB7DD4C5-12FA-4B51-B3BA-51586376989B}.Debug|Any CPU.Build.0 = Debug|Any CPU
		{DB7DD4C5-12FA-4B51-B3BA-51586376989B}.Release|Any CPU.ActiveCfg = Release|Any CPU
		{DB7DD4C5-12FA-4B51-B3BA-51586376989B}.Release|Any CPU.Build.0 = Release|Any CPU
		{C937CC2A-27B1-48A0-8F73-3E6E2BB1AAF5}.Debug|Any CPU.ActiveCfg = Debug|Any CPU
		{C937CC2A-27B1-48A0-8F73-3E6E2BB1AAF5}.Debug|Any CPU.Build.0 = Debug|Any CPU
		{C937CC2A-27B1-48A0-8F73-3E6E2BB1AAF5}.Release|Any CPU.ActiveCfg = Release|Any CPU
		{C937CC2A-27B1-48A0-8F73-3E6E2BB1AAF5}.Release|Any CPU.Build.0 = Release|Any CPU
		{F70C3E38-8511-475A-811F-9083BE2A31F2}.Debug|Any CPU.ActiveCfg = Debug|Any CPU
		{F70C3E38-8511-475A-811F-9083BE2A31F2}.Debug|Any CPU.Build.0 = Debug|Any CPU
		{F70C3E38-8511-475A-811F-9083BE2A31F2}.Release|Any CPU.ActiveCfg = Release|Any CPU
		{F70C3E38-8511-475A-811F-9083BE2A31F2}.Release|Any CPU.Build.0 = Release|Any CPU
		{40FC0439-C79A-4B94-9DF7-29B3B7364F40}.Debug|Any CPU.ActiveCfg = Debug|Any CPU
		{40FC0439-C79A-4B94-9DF7-29B3B7364F40}.Debug|Any CPU.Build.0 = Debug|Any CPU
		{40FC0439-C79A-4B94-9DF7-29B3B7364F40}.Release|Any CPU.ActiveCfg = Release|Any CPU
		{40FC0439-C79A-4B94-9DF7-29B3B7364F40}.Release|Any CPU.Build.0 = Release|Any CPU
		{541BFDCF-7324-467F-AEA9-72D96C0F4CA0}.Debug|Any CPU.ActiveCfg = Debug|Any CPU
		{541BFDCF-7324-467F-AEA9-72D96C0F4CA0}.Debug|Any CPU.Build.0 = Debug|Any CPU
		{541BFDCF-7324-467F-AEA9-72D96C0F4CA0}.Release|Any CPU.ActiveCfg = Release|Any CPU
		{541BFDCF-7324-467F-AEA9-72D96C0F4CA0}.Release|Any CPU.Build.0 = Release|Any CPU
		{D16385D2-22C7-4AA7-8CF4-D77B545F79F4}.Debug|Any CPU.ActiveCfg = Debug|Any CPU
		{D16385D2-22C7-4AA7-8CF4-D77B545F79F4}.Debug|Any CPU.Build.0 = Debug|Any CPU
		{D16385D2-22C7-4AA7-8CF4-D77B545F79F4}.Release|Any CPU.ActiveCfg = Release|Any CPU
		{D16385D2-22C7-4AA7-8CF4-D77B545F79F4}.Release|Any CPU.Build.0 = Release|Any CPU
	EndGlobalSection
	GlobalSection(SolutionProperties) = preSolution
		HideSolutionNode = FALSE
	EndGlobalSection
	GlobalSection(ExtensibilityGlobals) = postSolution
		SolutionGuid = {64D37770-628D-49D1-A533-CD1D1F88B97B}
	EndGlobalSection
EndGlobal
